github.com/SpongeData-cz/stream v0.0.0-20230814133646-0f6dc5ee0744 h1:NJra89y0i2Yq+qtgzBTOqEe2ICg9VFAoEPmnfRlFbao=
github.com/SpongeData-cz/stream v0.0.0-20230814133646-0f6dc5ee0744/go.mod h1:GWwh/zENcFUDzyJ4+l5cyA6BWE2VIkPBBAWYfMOdxfQ=
github.com/SpongeData-cz/stream v0.0.0-20230815105157-1dcf1af49632 h1:cHHmKL0ZV8oE4kVu6tHTaoV9uM+iantH70JwKHr1UeY=
github.com/SpongeData-cz/stream v0.0.0-20230815105157-1dcf1af49632/go.mod h1:GWwh/zENcFUDzyJ4+l5cyA6BWE2VIkPBBAWYfMOdxfQ=
github.com/mitchellh/mapstructure v1.5.0 h1:jeMsZIYE/09sWLaz43PL7Gy6RuMjD2eJVyuac5Z2hdY=
github.com/mitchellh/mapstructure v1.5.0/go.mod h1:bFUtVrKA4DC2yAKiSyO/QUcy7e+RRV2QTWOzhPopBRo=
golang.org/x/exp v0.0.0-20230522175609-2e198f4a06a1 h1:k/i9J1pBpvlfR+9QsetwPyERsqu1GIbi967PQMq3Ivc=
golang.org/x/exp v0.0.0-20230522175609-2e198f4a06a1/go.mod h1:V1LtkGg67GoY2N1AnLN78QLrzxkLyJw7RJb1gzOOz9w=
